
Microsoft Visual Studio Solution File, Format Version 12.00
# Visual Studio 15
VisualStudioVersion = 15.0.28307.539
MinimumVisualStudioVersion = 10.0.40219.1
Project("{FAE04EC0-301F-11D3-BF4B-00C04F79EFBC}") = "WindowsFormsApp1", "WindowsFormsApp1\WindowsFormsApp1.csproj", "{31D53987-D56E-4647-A5F6-EEBA82A2776A}"
EndProject
Global
	GlobalSection(SolutionConfigurationPlatforms) = preSolution
		Debug|Any CPU = Debug|Any CPU
		Release|Any CPU = Release|Any CPU
	EndGlobalSection
	GlobalSection(ProjectConfigurationPlatforms) = postSolution
		{31D53987-D56E-4647-A5F6-EEBA82A2776A}.Debug|Any CPU.ActiveCfg = Debug|Any CPU
		{31D53987-D56E-4647-A5F6-EEBA82A2776A}.Debug|Any CPU.Build.0 = Debug|Any CPU
		{31D53987-D56E-4647-A5F6-EEBA82A2776A}.Release|Any CPU.ActiveCfg = Release|Any CPU
		{31D53987-D56E-4647-A5F6-EEBA82A2776A}.Release|Any CPU.Build.0 = Release|Any CPU
	EndGlobalSection
	GlobalSection(SolutionProperties) = preSolution
		HideSolutionNode = FALSE
	EndGlobalSection
	GlobalSection(ExtensibilityGlobals) = postSolution
		SolutionGuid = {20A8C7E4-055D-41D7-BC8F-5FB760ECBF0D}
	EndGlobalSection
EndGlobal
